
Microsoft Visual Studio Solution File, Format Version 12.00
# Visual Studio Version 17
VisualStudioVersion = 17.0.31903.59
MinimumVisualStudioVersion = 10.0.40219.1
Project("{FAE04EC0-301F-11D3-BF4B-00C04F79EFBC}") = "AsisyaApi", "AsisyaApi\AsisyaApi.csproj", "{1060497C-2CD0-4B60-A9FF-F7074CE12980}"
EndProject
Project("{FAE04EC0-301F-11D3-BF4B-00C04F79EFBC}") = "AsisyaApi.Domain", "AsisyaApi.Domain\AsisyaApi.Domain.csproj", "{A502DA40-B2AA-4317-9A9B-BC047CE9B881}"
EndProject
Project("{FAE04EC0-301F-11D3-BF4B-00C04F79EFBC}") = "AsisyaApi.Application", "AsisyaApi.Application\AsisyaApi.Application.csproj", "{17728CE1-83AF-4494-BA16-75AF20EFAF63}"
EndProject
Project("{FAE04EC0-301F-11D3-BF4B-00C04F79EFBC}") = "AsisyaApi.Infrastructure", "AsisyaApi.Infrastructure\AsisyaApi.Infrastructure.csproj", "{2B66FD39-7BD3-4F16-98F4-C73E3019E9DE}"
EndProject
Project("{FAE04EC0-301F-11D3-BF4B-00C04F79EFBC}") = "AsisyaApi.Tests", "AsisyaApi.Tests\AsisyaApi.Tests.csproj", "{C4618BF5-A1C5-4ACF-AE2B-B8CC4523BF17}"
EndProject
Global
	GlobalSection(SolutionConfigurationPlatforms) = preSolution
		Debug|Any CPU = Debug|Any CPU
		Debug|x64 = Debug|x64
		Debug|x86 = Debug|x86
		Release|Any CPU = Release|Any CPU
		Release|x64 = Release|x64
		Release|x86 = Release|x86
	EndGlobalSection
	GlobalSection(ProjectConfigurationPlatforms) = postSolution
		{1060497C-2CD0-4B60-A9FF-F7074CE12980}.Debug|Any CPU.ActiveCfg = Debug|Any CPU
		{1060497C-2CD0-4B60-A9FF-F7074CE12980}.Debug|Any CPU.Build.0 = Debug|Any CPU
		{1060497C-2CD0-4B60-A9FF-F7074CE12980}.Debug|x64.ActiveCfg = Debug|Any CPU
		{1060497C-2CD0-4B60-A9FF-F7074CE12980}.Debug|x64.Build.0 = Debug|Any CPU
		{1060497C-2CD0-4B60-A9FF-F7074CE12980}.Debug|x86.ActiveCfg = Debug|Any CPU
		{1060497C-2CD0-4B60-A9FF-F7074CE12980}.Debug|x86.Build.0 = Debug|Any CPU
		{1060497C-2CD0-4B60-A9FF-F7074CE12980}.Release|Any CPU.ActiveCfg = Release|Any CPU
		{1060497C-2CD0-4B60-A9FF-F7074CE12980}.Release|Any CPU.Build.0 = Release|Any CPU
		{1060497C-2CD0-4B60-A9FF-F7074CE12980}.Release|x64.ActiveCfg = Release|Any CPU
		{1060497C-2CD0-4B60-A9FF-F7074CE12980}.Release|x64.Build.0 = Release|Any CPU
		{1060497C-2CD0-4B60-A9FF-F7074CE12980}.Release|x86.ActiveCfg = Release|Any CPU
		{1060497C-2CD0-4B60-A9FF-F7074CE12980}.Release|x86.Build.0 = Release|Any CPU
		{A502DA40-B2AA-4317-9A9B-BC047CE9B881}.Debug|Any CPU.ActiveCfg = Debug|Any CPU
		{A502DA40-B2AA-4317-9A9B-BC047CE9B881}.Debug|Any CPU.Build.0 = Debug|Any CPU
		{A502DA40-B2AA-4317-9A9B-BC047CE9B881}.Debug|x64.ActiveCfg = Debug|Any CPU
		{A502DA40-B2AA-4317-9A9B-BC047CE9B881}.Debug|x64.Build.0 = Debug|Any CPU
		{A502DA40-B2AA-4317-9A9B-BC047CE9B881}.Debug|x86.ActiveCfg = Debug|Any CPU
		{A502DA40-B2AA-4317-9A9B-BC047CE9B881}.Debug|x86.Build.0 = Debug|Any CPU
		{A502DA40-B2AA-4317-9A9B-BC047CE9B881}.Release|Any CPU.ActiveCfg = Release|Any CPU
		{A502DA40-B2AA-4317-9A9B-BC047CE9B881}.Release|Any CPU.Build.0 = Release|Any CPU
		{A502DA40-B2AA-4317-9A9B-BC047CE9B881}.Release|x64.ActiveCfg = Release|Any CPU
		{A502DA40-B2AA-4317-9A9B-BC047CE9B881}.Release|x64.Build.0 = Release|Any CPU
		{A502DA40-B2AA-4317-9A9B-BC047CE9B881}.Release|x86.ActiveCfg = Release|Any CPU
		{A502DA40-B2AA-4317-9A9B-BC047CE9B881}.Release|x86.Build.0 = Release|Any CPU
		{17728CE1-83AF-4494-BA16-75AF20EFAF63}.Debug|Any CPU.ActiveCfg = Debug|Any CPU
		{17728CE1-83AF-4494-BA16-75AF20EFAF63}.Debug|Any CPU.Build.0 = Debug|Any CPU
		{17728CE1-83AF-4494-BA16-75AF20EFAF63}.Debug|x64.ActiveCfg = Debug|Any CPU
		{17728CE1-83AF-4494-BA16-75AF20EFAF63}.Debug|x64.Build.0 = Debug|Any CPU
		{17728CE1-83AF-4494-BA16-75AF20EFAF63}.Debug|x86.ActiveCfg = Debug|Any CPU
		{17728CE1-83AF-4494-BA16-75AF20EFAF63}.Debug|x86.Build.0 = Debug|Any CPU
		{17728CE1-83AF-4494-BA16-75AF20EFAF63}.Release|Any CPU.ActiveCfg = Release|Any CPU
		{17728CE1-83AF-4494-BA16-75AF20EFAF63}.Release|Any CPU.Build.0 = Release|Any CPU
		{17728CE1-83AF-4494-BA16-75AF20EFAF63}.Release|x64.ActiveCfg = Release|Any CPU
		{17728CE1-83AF-4494-BA16-75AF20EFAF63}.Release|x64.Build.0 = Release|Any CPU
		{17728CE1-83AF-4494-BA16-75AF20EFAF63}.Release|x86.ActiveCfg = Release|Any CPU
		{17728CE1-83AF-4494-BA16-75AF20EFAF63}.Release|x86.Build.0 = Release|Any CPU
		{2B66FD39-7BD3-4F16-98F4-C73E3019E9DE}.Debug|Any CPU.ActiveCfg = Debug|Any CPU
		{2B66FD39-7BD3-4F16-98F4-C73E3019E9DE}.Debug|Any CPU.Build.0 = Debug|Any CPU
		{2B66FD39-7BD3-4F16-98F4-C73E3019E9DE}.Debug|x64.ActiveCfg = Debug|Any CPU
		{2B66FD39-7BD3-4F16-98F4-C73E3019E9DE}.Debug|x64.Build.0 = Debug|Any CPU
		{2B66FD39-7BD3-4F16-98F4-C73E3019E9DE}.Debug|x86.ActiveCfg = Debug|Any CPU
		{2B66FD39-7BD3-4F16-98F4-C73E3019E9DE}.Debug|x86.Build.0 = Debug|Any CPU
		{2B66FD39-7BD3-4F16-98F4-C73E3019E9DE}.Release|Any CPU.ActiveCfg = Release|Any CPU
		{2B66FD39-7BD3-4F16-98F4-C73E3019E9DE}.Release|Any CPU.Build.0 = Release|Any CPU
		{2B66FD39-7BD3-4F16-98F4-C73E3019E9DE}.Release|x64.ActiveCfg = Release|Any CPU
		{2B66FD39-7BD3-4F16-98F4-C73E3019E9DE}.Release|x64.Build.0 = Release|Any CPU
		{2B66FD39-7BD3-4F16-98F4-C73E3019E9DE}.Release|x86.ActiveCfg = Release|Any CPU
		{2B66FD39-7BD3-4F16-98F4-C73E3019E9DE}.Release|x86.Build.0 = Release|Any CPU
		{C4618BF5-A1C5-4ACF-AE2B-B8CC4523BF17}.Debug|Any CPU.ActiveCfg = Debug|Any CPU
		{C4618BF5-A1C5-4ACF-AE2B-B8CC4523BF17}.Debug|Any CPU.Build.0 = Debug|Any CPU
		{C4618BF5-A1C5-4ACF-AE2B-B8CC4523BF17}.Debug|x64.ActiveCfg = Debug|Any CPU
		{C4618BF5-A1C5-4ACF-AE2B-B8CC4523BF17}.Debug|x64.Build.0 = Debug|Any CPU
		{C4618BF5-A1C5-4ACF-AE2B-B8CC4523BF17}.Debug|x86.ActiveCfg = Debug|Any CPU
		{C4618BF5-A1C5-4ACF-AE2B-B8CC4523BF17}.Debug|x86.Build.0 = Debug|Any CPU
		{C4618BF5-A1C5-4ACF-AE2B-B8CC4523BF17}.Release|Any CPU.ActiveCfg = Release|Any CPU
		{C4618BF5-A1C5-4ACF-AE2B-B8CC4523BF17}.Release|Any CPU.Build.0 = Release|Any CPU
		{C4618BF5-A1C5-4ACF-AE2B-B8CC4523BF17}.Release|x64.ActiveCfg = Release|Any CPU
		{C4618BF5-A1C5-4ACF-AE2B-B8CC4523BF17}.Release|x64.Build.0 = Release|Any CPU
		{C4618BF5-A1C5-4ACF-AE2B-B8CC4523BF17}.Release|x86.ActiveCfg = Release|Any CPU
		{C4618BF5-A1C5-4ACF-AE2B-B8CC4523BF17}.Release|x86.Build.0 = Release|Any CPU
	EndGlobalSection
	GlobalSection(SolutionProperties) = preSolution
		HideSolutionNode = FALSE
	EndGlobalSection
EndGlobal
